// !$*UTF8*$!
{
	archiveVersion = 1;
	classes = {
	};
	objectVersion = 46;
	objects = {

/* Begin PBXBuildFile section */
		1FCFC5841AFEF63D00D50EA9 /* AppDelegate.swift in Sources */ = {isa = PBXBuildFile; fileRef = 1FCFC5831AFEF63D00D50EA9 /* AppDelegate.swift */; };
		1FCFC5861AFEF63D00D50EA9 /* ViewController.swift in Sources */ = {isa = PBXBuildFile; fileRef = 1FCFC5851AFEF63D00D50EA9 /* ViewController.swift */; };
		1FCFC5891AFEF63D00D50EA9 /* Main.storyboard in Resources */ = {isa = PBXBuildFile; fileRef = 1FCFC5871AFEF63D00D50EA9 /* Main.storyboard */; };
		1FCFC58B1AFEF63D00D50EA9 /* Images.xcassets in Resources */ = {isa = PBXBuildFile; fileRef = 1FCFC58A1AFEF63D00D50EA9 /* Images.xcassets */; };
		1FCFC58E1AFEF63D00D50EA9 /* LaunchScreen.xib in Resources */ = {isa = PBXBuildFile; fileRef = 1FCFC58C1AFEF63D00D50EA9 /* LaunchScreen.xib */; };
		1FCFC59A1AFEF63D00D50EA9 /* SJPastNavigationControllerTests.swift in Sources */ = {isa = PBXBuildFile; fileRef = 1FCFC5991AFEF63D00D50EA9 /* SJPastNavigationControllerTests.swift */; };
/* End PBXBuildFile section */

/* Begin PBXContainerItemProxy section */
		1FCFC5941AFEF63D00D50EA9 /* PBXContainerItemProxy */ = {
			isa = PBXContainerItemProxy;
			containerPortal = 1FCFC5761AFEF63D00D50EA9 /* Project object */;
			proxyType = 1;
			remoteGlobalIDString = 1FCFC57D1AFEF63D00D50EA9;
			remoteInfo = SJPastNavigationController;
		};
/* End PBXContainerItemProxy section */

/* Begin PBXFileReference section */
		1FCFC57E1AFEF63D00D50EA9 /* SJPastNavigationController.app */ = {isa = PBXFileReference; explicitFileType = wrapper.application; includeInIndex = 0; path = SJPastNavigationController.app; sourceTree = BUILT_PRODUCTS_DIR; };
		1FCFC5821AFEF63D00D50EA9 /* Info.plist */ = {isa = PBXFileReference; lastKnownFileType = text.plist.xml; path = Info.plist; sourceTree = "<group>"; };
		1FCFC5831AFEF63D00D50EA9 /* AppDelegate.swift */ = {isa = PBXFileReference; lastKnownFileType = sourcecode.swift; path = AppDelegate.swift; sourceTree = "<group>"; };
		1FCFC5851AFEF63D00D50EA9 /* ViewController.swift */ = {isa = PBXFileReference; lastKnownFileType = sourcecode.swift; path = ViewController.swift; sourceTree = "<group>"; };
		1FCFC5881AFEF63D00D50EA9 /* Base */ = {isa = PBXFileReference; lastKnownFileType = file.storyboard; name = Base; path = Base.lproj/Main.storyboard; sourceTree = "<group>"; };
		1FCFC58A1AFEF63D00D50EA9 /* Images.xcassets */ = {isa = PBXFileReference; lastKnownFileType = folder.assetcatalog; path = Images.xcassets; sourceTree = "<group>"; };
		1FCFC58D1AFEF63D00D50EA9 /* Base */ = {isa = PBXFileReference; lastKnownFileType = file.xib; name = Base; path = Base.lproj/LaunchScreen.xib; sourceTree = "<group>"; };
		1FCFC5931AFEF63D00D50EA9 /* SJPastNavigationControllerTests.xctest */ = {isa = PBXFileReference; explicitFileType = wrapper.cfbundle; includeInIndex = 0; path = SJPastNavigationControllerTests.xctest; sourceTree = BUILT_PRODUCTS_DIR; };
		1FCFC5981AFEF63D00D50EA9 /* Info.plist */ = {isa = PBXFileReference; lastKnownFileType = text.plist.xml; path = Info.plist; sourceTree = "<group>"; };
		1FCFC5991AFEF63D00D50EA9 /* SJPastNavigationControllerTests.swift */ = {isa = PBXFileReference; lastKnownFileType = sourcecode.swift; path = SJPastNavigationControllerTests.swift; sourceTree = "<group>"; };
/* End PBXFileReference section */

/* Begin PBXFrameworksBuildPhase section */
		1FCFC57B1AFEF63D00D50EA9 /* Frameworks */ = {
			isa = PBXFrameworksBuildPhase;
			buildActionMask = 2147483647;
			files = (
			);
			runOnlyForDeploymentPostprocessing = 0;
		};
		1FCFC5901AFEF63D00D50EA9 /* Frameworks */ = {
			isa = PBXFrameworksBuildPhase;
			buildActionMask = 2147483647;
			files = (
			);
			runOnlyForDeploymentPostprocessing = 0;
		};
/* End PBXFrameworksBuildPhase section */

/* Begin PBXGroup section */
		1FCFC5751AFEF63D00D50EA9 = {
			isa = PBXGroup;
			children = (
				1FCFC5801AFEF63D00D50EA9 /* SJPastNavigationController */,
				1FCFC5961AFEF63D00D50EA9 /* SJPastNavigationControllerTests */,
				1FCFC57F1AFEF63D00D50EA9 /* Products */,
			);
			sourceTree = "<group>";
		};
		1FCFC57F1AFEF63D00D50EA9 /* Products */ = {
			isa = PBXGroup;
			children = (
				1FCFC57E1AFEF63D00D50EA9 /* SJPastNavigationController.app */,
				1FCFC5931AFEF63D00D50EA9 /* SJPastNavigationControllerTests.xctest */,
			);
			name = Products;
			sourceTree = "<group>";
		};
		1FCFC5801AFEF63D00D50EA9 /* SJPastNavigationController */ = {
			isa = PBXGroup;
			children = (
				1FCFC5831AFEF63D00D50EA9 /* AppDelegate.swift */,
				1FCFC5851AFEF63D00D50EA9 /* ViewController.swift */,
				1FCFC5871AFEF63D00D50EA9 /* Main.storyboard */,
				1FCFC58A1AFEF63D00D50EA9 /* Images.xcassets */,
				1FCFC58C1AFEF63D00D50EA9 /* LaunchScreen.xib */,
				1FCFC5811AFEF63D00D50EA9 /* Supporting Files */,
			);
			path = SJPastNavigationController;
			sourceTree = "<group>";
		};
		1FCFC5811AFEF63D00D50EA9 /* Supporting Files */ = {
			isa = PBXGroup;
			children = (
				1FCFC5821AFEF63D00D50EA9 /* Info.plist */,
			);
			name = "Supporting Files";
			sourceTree = "<group>";
		};
		1FCFC5961AFEF63D00D50EA9 /* SJPastNavigationControllerTests */ = {
			isa = PBXGroup;
			children = (
				1FCFC5991AFEF63D00D50EA9 /* SJPastNavigationControllerTests.swift */,
				1FCFC5971AFEF63D00D50EA9 /* Supporting Files */,
			);
			path = SJPastNavigationControllerTests;
			sourceTree = "<group>";
		};
		1FCFC5971AFEF63D00D50EA9 /* Supporting Files */ = {
			isa = PBXGroup;
			children = (
				1FCFC5981AFEF63D00D50EA9 /* Info.plist */,
			);
			name = "Supporting Files";
			sourceTree = "<group>";
		};
/* End PBXGroup section */

/* Begin PBXNativeTarget section */
		1FCFC57D1AFEF63D00D50EA9 /* SJPastNavigationController */ = {
			isa = PBXNativeTarget;
			buildConfigurationList = 1FCFC59D1AFEF63D00D50EA9 /* Build configuration list for PBXNativeTarget "SJPastNavigationController" */;
			buildPhases = (
				1FCFC57A1AFEF63D00D50EA9 /* Sources */,
				1FCFC57B1AFEF63D00D50EA9 /* Frameworks */,
				1FCFC57C1AFEF63D00D50EA9 /* Resources */,
			);
			buildRules = (
			);
			dependencies = (
			);
			name = SJPastNavigationController;
			productName = SJPastNavigationController;
			productReference = 1FCFC57E1AFEF63D00D50EA9 /* SJPastNavigationController.app */;
			productType = "com.apple.product-type.application";
		};
		1FCFC5921AFEF63D00D50EA9 /* SJPastNavigationControllerTests */ = {
			isa = PBXNativeTarget;
			buildConfigurationList = 1FCFC5A01AFEF63D00D50EA9 /* Build configuration list for PBXNativeTarget "SJPastNavigationControllerTests" */;
			buildPhases = (
				1FCFC58F1AFEF63D00D50EA9 /* Sources */,
				1FCFC5901AFEF63D00D50EA9 /* Frameworks */,
				1FCFC5911AFEF63D00D50EA9 /* Resources */,
			);
			buildRules = (
			);
			dependencies = (
				1FCFC5951AFEF63D00D50EA9 /* PBXTargetDependency */,
			);
			name = SJPastNavigationControllerTests;
			productName = SJPastNavigationControllerTests;
			productReference = 1FCFC5931AFEF63D00D50EA9 /* SJPastNavigationControllerTests.xctest */;
			productType = "com.apple.product-type.bundle.unit-test";
		};
/* End PBXNativeTarget section */

/* Begin PBXProject section */
		1FCFC5761AFEF63D00D50EA9 /* Project object */ = {
			isa = PBXProject;
			attributes = {
				LastUpgradeCheck = 0630;
				ORGANIZATIONNAME = "Saurabh Jain";
				TargetAttributes = {
					1FCFC57D1AFEF63D00D50EA9 = {
						CreatedOnToolsVersion = 6.3.1;
					};
					1FCFC5921AFEF63D00D50EA9 = {
						CreatedOnToolsVersion = 6.3.1;
						TestTargetID = 1FCFC57D1AFEF63D00D50EA9;
					};
				};
			};
			buildConfigurationList = 1FCFC5791AFEF63D00D50EA9 /* Build configuration list for PBXProject "SJPastNavigationController" */;
			compatibilityVersion = "Xcode 3.2";
			developmentRegion = English;
			hasScannedForEncodings = 0;
			knownRegions = (
				en,
				Base,
			);
			mainGroup = 1FCFC5751AFEF63D00D50EA9;
			productRefGroup = 1FCFC57F1AFEF63D00D50EA9 /* Products */;
			projectDirPath = "";
			projectRoot = "";
			targets = (
				1FCFC57D1AFEF63D00D50EA9 /* SJPastNavigationController */,
				1FCFC5921AFEF63D00D50EA9 /* SJPastNavigationControllerTests */,
			);
		};
/* End PBXProject section */

/* Begin PBXResourcesBuildPhase section */
		1FCFC57C1AFEF63D00D50EA9 /* Resources */ = {
			isa = PBXResourcesBuildPhase;
			buildActionMask = 2147483647;
			files = (
				1FCFC5891AFEF63D00D50EA9 /* Main.storyboard in Resources */,
				1FCFC58E1AFEF63D00D50EA9 /* LaunchScreen.xib in Resources */,
				1FCFC58B1AFEF63D00D50EA9 /* Images.xcassets in Resources */,
			);
			runOnlyForDeploymentPostprocessing = 0;
		};
		1FCFC5911AFEF63D00D50EA9 /* Resources */ = {
			isa = PBXResourcesBuildPhase;
			buildActionMask = 2147483647;
			files = (
			);
			runOnlyForDeploymentPostprocessing = 0;
		};
/* End PBXResourcesBuildPhase section */

/* Begin PBXSourcesBuildPhase section */
		1FCFC57A1AFEF63D00D50EA9 /* Sources */ = {
			isa = PBXSourcesBuildPhase;
			buildActionMask = 2147483647;
			files = (
				1FCFC5861AFEF63D00D50EA9 /* ViewController.swift in Sources */,
				1FCFC5841AFEF63D00D50EA9 /* AppDelegate.swift in Sources */,
			);
			runOnlyForDeploymentPostprocessing = 0;
		};
		1FCFC58F1AFEF63D00D50EA9 /* Sources */ = {
			isa = PBXSourcesBuildPhase;
			buildActionMask = 2147483647;
			files = (
				1FCFC59A1AFEF63D00D50EA9 /* SJPastNavigationControllerTests.swift in Sources */,
			);
			runOnlyForDeploymentPostprocessing = 0;
		};
/* End PBXSourcesBuildPhase section */

/* Begin PBXTargetDependency section */
		1FCFC5951AFEF63D00D50EA9 /* PBXTargetDependency */ = {
			isa = PBXTargetDependency;
			target = 1FCFC57D1AFEF63D00D50EA9 /* SJPastNavigationController */;
			targetProxy = 1FCFC5941AFEF63D00D50EA9 /* PBXContainerItemProxy */;
		};
/* End PBXTargetDependency section */

/* Begin PBXVariantGroup section */
		1FCFC5871AFEF63D00D50EA9 /* Main.storyboard */ = {
			isa = PBXVariantGroup;
			children = (
				1FCFC5881AFEF63D00D50EA9 /* Base */,
			);
			name = Main.storyboard;
			sourceTree = "<group>";
		};
		1FCFC58C1AFEF63D00D50EA9 /* LaunchScreen.xib */ = {
			isa = PBXVariantGroup;
			children = (
				1FCFC58D1AFEF63D00D50EA9 /* Base */,
			);
			name = LaunchScreen.xib;
			sourceTree = "<group>";
		};
/* End PBXVariantGroup section */

/* Begin XCBuildConfiguration section */
		1FCFC59B1AFEF63D00D50EA9 /* Debug */ = {
			isa = XCBuildConfiguration;
			buildSettings = {
				ALWAYS_SEARCH_USER_PATHS = NO;
				CLANG_CXX_LANGUAGE_STANDARD = "gnu++0x";
				CLANG_CXX_LIBRARY = "libc++";
				CLANG_ENABLE_MODULES = YES;
				CLANG_ENABLE_OBJC_ARC = YES;
				CLANG_WARN_BOOL_CONVERSION = YES;
				CLANG_WARN_CONSTANT_CONVERSION = YES;
				CLANG_WARN_DIRECT_OBJC_ISA_USAGE = YES_ERROR;
				CLANG_WARN_EMPTY_BODY = YES;
				CLANG_WARN_ENUM_CONVERSION = YES;
				CLANG_WARN_INT_CONVERSION = YES;
				CLANG_WARN_OBJC_ROOT_CLASS = YES_ERROR;
				CLANG_WARN_UNREACHABLE_CODE = YES;
				CLANG_WARN__DUPLICATE_METHOD_MATCH = YES;
				"CODE_SIGN_IDENTITY[sdk=iphoneos*]" = "iPhone Developer";
				COPY_PHASE_STRIP = NO;
				DEBUG_INFORMATION_FORMAT = "dwarf-with-dsym";
				ENABLE_STRICT_OBJC_MSGSEND = YES;
				GCC_C_LANGUAGE_STANDARD = gnu99;
				GCC_DYNAMIC_NO_PIC = NO;
				GCC_NO_COMMON_BLOCKS = YES;
				GCC_OPTIMIZATION_LEVEL = 0;
				GCC_PREPROCESSOR_DEFINITIONS = (
					"DEBUG=1",
					"$(inherited)",
				);
				GCC_SYMBOLS_PRIVATE_EXTERN = NO;
				GCC_WARN_64_TO_32_BIT_CONVERSION = YES;
				GCC_WARN_ABOUT_RETURN_TYPE = YES_ERROR;
				GCC_WARN_UNDECLARED_SELECTOR = YES;
				GCC_WARN_UNINITIALIZED_AUTOS = YES_AGGRESSIVE;
				GCC_WARN_UNUSED_FUNCTION = YES;
				GCC_WARN_UNUSED_VARIABLE = YES;
				IPHONEOS_DEPLOYMENT_TARGET = 8.3;
				MTL_ENABLE_DEBUG_INFO = YES;
				ONLY_ACTIVE_ARCH = YES;
				SDKROOT = iphoneos;
				SWIFT_OPTIMIZATION_LEVEL = "-Onone";
			};
			name = Debug;
		};
		1FCFC59C1AFEF63D00D50EA9 /* Release */ = {
			isa = XCBuildConfiguration;
			buildSettings = {
				ALWAYS_SEARCH_USER_PATHS = NO;
				CLANG_CXX_LANGUAGE_STANDARD = "gnu++0x";
				CLANG_CXX_LIBRARY = "libc++";
				CLANG_ENABLE_MODULES = YES;
				CLANG_ENABLE_OBJC_ARC = YES;
				CLANG_WARN_BOOL_CONVERSION = YES;
				CLANG_WARN_CONSTANT_CONVERSION = YES;
				CLANG_WARN_DIRECT_OBJC_ISA_USAGE = YES_ERROR;
				CLANG_WARN_EMPTY_BODY = YES;
				CLANG_WARN_ENUM_CONVERSION = YES;
				CLANG_WARN_INT_CONVERSION = YES;
				CLANG_WARN_OBJC_ROOT_CLASS = YES_ERROR;
				CLANG_WARN_UNREACHABLE_CODE = YES;
				CLANG_WARN__DUPLICATE_METHOD_MATCH = YES;
				"CODE_SIGN_IDENTITY[sdk=iphoneos*]" = "iPhone Developer";
				COPY_PHASE_STRIP = NO;
				DEBUG_INFORMATION_FORMAT = "dwarf-with-dsym";
				ENABLE_NS_ASSERTIONS = NO;
				ENABLE_STRICT_OBJC_MSGSEND = YES;
				GCC_C_LANGUAGE_STANDARD = gnu99;
				GCC_NO_COMMON_BLOCKS = YES;
				GCC_WARN_64_TO_32_BIT_CONVERSION = YES;
				GCC_WARN_ABOUT_RETURN_TYPE = YES_ERROR;
				GCC_WARN_UNDECLARED_SELECTOR = YES;
				GCC_WARN_UNINITIALIZED_AUTOS = YES_AGGRESSIVE;
				GCC_WARN_UNUSED_FUNCTION = YES;
				GCC_WARN_UNUSED_VARIABLE = YES;
				IPHONEOS_DEPLOYMENT_TARGET = 8.3;
				MTL_ENABLE_DEBUG_INFO = NO;
				SDKROOT = iphoneos;
				VALIDATE_PRODUCT = YES;
			};
			name = Release;
		};
		1FCFC59E1AFEF63D00D50EA9 /* Debug */ = {
			isa = XCBuildConfiguration;
			buildSettings = {
				ASSETCATALOG_COMPILER_APPICON_NAME = AppIcon;
				INFOPLIST_FILE = SJPastNavigationController/Info.plist;
				LD_RUNPATH_SEARCH_PATHS = "$(inherited) @executable_path/Frameworks";
				PRODUCT_NAME = "$(TARGET_NAME)";
			};
			name = Debug;
		};
		1FCFC59F1AFEF63D00D50EA9 /* Release */ = {
			isa = XCBuildConfiguration;
			buildSettings = {
				ASSETCATALOG_COMPILER_APPICON_NAME = AppIcon;
				INFOPLIST_FILE = SJPastNavigationController/Info.plist;
				LD_RUNPATH_SEARCH_PATHS = "$(inherited) @executable_path/Frameworks";
				PRODUCT_NAME = "$(TARGET_NAME)";
			};
			name = Release;
		};
		1FCFC5A11AFEF63D00D50EA9 /* Debug */ = {
			isa = XCBuildConfiguration;
			buildSettings = {
				BUNDLE_LOADER = "$(TEST_HOST)";
				FRAMEWORK_SEARCH_PATHS = (
					"$(SDKROOT)/Developer/Library/Frameworks",
					"$(inherited)",
				);
				GCC_PREPROCESSOR_DEFINITIONS = (
					"DEBUG=1",
					"$(inherited)",
				);
				INFOPLIST_FILE = SJPastNavigationControllerTests/Info.plist;
				LD_RUNPATH_SEARCH_PATHS = "$(inherited) @executable_path/Frameworks @loader_path/Frameworks";
				PRODUCT_NAME = "$(TARGET_NAME)";
				TEST_HOST = "$(BUILT_PRODUCTS_DIR)/SJPastNavigationController.app/SJPastNavigationController";
			};
			name = Debug;
		};
		1FCFC5A21AFEF63D00D50EA9 /* Release */ = {
			isa = XCBuildConfiguration;
			buildSettings = {
				BUNDLE_LOADER = "$(TEST_HOST)";
				FRAMEWORK_SEARCH_PATHS = (
					"$(SDKROOT)/Developer/Library/Frameworks",
					"$(inherited)",
				);
				INFOPLIST_FILE = SJPastNavigationControllerTests/Info.plist;
				LD_RUNPATH_SEARCH_PATHS = "$(inherited) @executable_path/Frameworks @loader_path/Frameworks";
				PRODUCT_NAME = "$(TARGET_NAME)";
				TEST_HOST = "$(BUILT_PRODUCTS_DIR)/SJPastNavigationController.app/SJPastNavigationController";
			};
			name = Release;
		};
/* End XCBuildConfiguration section */

/* Begin XCConfigurationList section */
		1FCFC5791AFEF63D00D50EA9 /* Build configuration list for PBXProject "SJPastNavigationController" */ = {
			isa = XCConfigurationList;
			buildConfigurations = (
				1FCFC59B1AFEF63D00D50EA9 /* Debug */,
				1FCFC59C1AFEF63D00D50EA9 /* Release */,
			);
			defaultConfigurationIsVisible = 0;
			defaultConfigurationName = Release;
		};
		1FCFC59D1AFEF63D00D50EA9 /* Build configuration list for PBXNativeTarget "SJPastNavigationController" */ = {
			isa = XCConfigurationList;
			buildConfigurations = (
				1FCFC59E1AFEF63D00D50EA9 /* Debug */,
				1FCFC59F1AFEF63D00D50EA9 /* Release */,
			);
			defaultConfigurationIsVisible = 0;
		};
		1FCFC5A01AFEF63D00D50EA9 /* Build configuration list for PBXNativeTarget "SJPastNavigationControllerTests" */ = {
			isa = XCConfigurationList;
			buildConfigurations = (
				1FCFC5A11AFEF63D00D50EA9 /* Debug */,
				1FCFC5A21AFEF63D00D50EA9 /* Release */,
			);
			defaultConfigurationIsVisible = 0;
		};
/* End XCConfigurationList section */
	};
	rootObject = 1FCFC5761AFEF63D00D50EA9 /* Project object */;
}
